
Microsoft Visual Studio Solution File, Format Version 12.00
# Visual Studio Version 16
VisualStudioVersion = 16.0.30804.86
MinimumVisualStudioVersion = 10.0.40219.1
Project("{9A19103F-16F7-4668-BE54-9A1E7A4F7556}") = "CoronaTestPoC", "CoronaTestPoC\CoronaTestPoC.csproj", "{7DCCBA52-3663-4B51-82A2-7541BF6A269F}"
EndProject
Project("{9A19103F-16F7-4668-BE54-9A1E7A4F7556}") = "CoronaTest.Core", "CoronaTest.Core\CoronaTest.Core.csproj", "{DEB6A01F-8B00-44AB-9769-850869D3C4AD}"
EndProject
Project("{9A19103F-16F7-4668-BE54-9A1E7A4F7556}") = "CoronaTest.ImportConsole", "CoronaTest.ImportConsole\CoronaTest.ImportConsole.csproj", "{BCD6E14A-2B24-4D1B-90E4-55F92FDBD7C3}"
EndProject
Project("{9A19103F-16F7-4668-BE54-9A1E7A4F7556}") = "Utils", "Utils\Utils.csproj", "{8AA080FA-9AAD-4178-9127-28886712F3A7}"
EndProject
Project("{9A19103F-16F7-4668-BE54-9A1E7A4F7556}") = "CoronaTest.Web", "CoronaTest.Web\CoronaTest.Web.csproj", "{EA793178-BC46-469C-B88C-86445E07FE19}"
EndProject
Project("{9A19103F-16F7-4668-BE54-9A1E7A4F7556}") = "CoronaTest.Persistence", "Persistence\CoronaTest.Persistence.csproj", "{A224C876-BC3B-43AA-A522-A7A0AAC369C2}"
EndProject
Global
	GlobalSection(SolutionConfigurationPlatforms) = preSolution
		Debug|Any CPU = Debug|Any CPU
		Release|Any CPU = Release|Any CPU
	EndGlobalSection
	GlobalSection(ProjectConfigurationPlatforms) = postSolution
		{7DCCBA52-3663-4B51-82A2-7541BF6A269F}.Debug|Any CPU.ActiveCfg = Debug|Any CPU
		{7DCCBA52-3663-4B51-82A2-7541BF6A269F}.Debug|Any CPU.Build.0 = Debug|Any CPU
		{7DCCBA52-3663-4B51-82A2-7541BF6A269F}.Release|Any CPU.ActiveCfg = Release|Any CPU
		{7DCCBA52-3663-4B51-82A2-7541BF6A269F}.Release|Any CPU.Build.0 = Release|Any CPU
		{DEB6A01F-8B00-44AB-9769-850869D3C4AD}.Debug|Any CPU.ActiveCfg = Debug|Any CPU
		{DEB6A01F-8B00-44AB-9769-850869D3C4AD}.Debug|Any CPU.Build.0 = Debug|Any CPU
		{DEB6A01F-8B00-44AB-9769-850869D3C4AD}.Release|Any CPU.ActiveCfg = Release|Any CPU
		{DEB6A01F-8B00-44AB-9769-850869D3C4AD}.Release|Any CPU.Build.0 = Release|Any CPU
		{BCD6E14A-2B24-4D1B-90E4-55F92FDBD7C3}.Debug|Any CPU.ActiveCfg = Debug|Any CPU
		{BCD6E14A-2B24-4D1B-90E4-55F92FDBD7C3}.Debug|Any CPU.Build.0 = Debug|Any CPU
		{BCD6E14A-2B24-4D1B-90E4-55F92FDBD7C3}.Release|Any CPU.ActiveCfg = Release|Any CPU
		{BCD6E14A-2B24-4D1B-90E4-55F92FDBD7C3}.Release|Any CPU.Build.0 = Release|Any CPU
		{8AA080FA-9AAD-4178-9127-28886712F3A7}.Debug|Any CPU.ActiveCfg = Debug|Any CPU
		{8AA080FA-9AAD-4178-9127-28886712F3A7}.Debug|Any CPU.Build.0 = Debug|Any CPU
		{8AA080FA-9AAD-4178-9127-28886712F3A7}.Release|Any CPU.ActiveCfg = Release|Any CPU
		{8AA080FA-9AAD-4178-9127-28886712F3A7}.Release|Any CPU.Build.0 = Release|Any CPU
		{EA793178-BC46-469C-B88C-86445E07FE19}.Debug|Any CPU.ActiveCfg = Debug|Any CPU
		{EA793178-BC46-469C-B88C-86445E07FE19}.Debug|Any CPU.Build.0 = Debug|Any CPU
		{EA793178-BC46-469C-B88C-86445E07FE19}.Release|Any CPU.ActiveCfg = Release|Any CPU
		{EA793178-BC46-469C-B88C-86445E07FE19}.Release|Any CPU.Build.0 = Release|Any CPU
		{A224C876-BC3B-43AA-A522-A7A0AAC369C2}.Debug|Any CPU.ActiveCfg = Debug|Any CPU
		{A224C876-BC3B-43AA-A522-A7A0AAC369C2}.Debug|Any CPU.Build.0 = Debug|Any CPU
		{A224C876-BC3B-43AA-A522-A7A0AAC369C2}.Release|Any CPU.ActiveCfg = Release|Any CPU
		{A224C876-BC3B-43AA-A522-A7A0AAC369C2}.Release|Any CPU.Build.0 = Release|Any CPU
	EndGlobalSection
	GlobalSection(SolutionProperties) = preSolution
		HideSolutionNode = FALSE
	EndGlobalSection
	GlobalSection(ExtensibilityGlobals) = postSolution
		SolutionGuid = {76E606E1-7862-4DE0-8D51-198B77E3A37F}
	EndGlobalSection
EndGlobal
